
Microsoft Visual Studio Solution File, Format Version 12.00
# Visual Studio 15
VisualStudioVersion = 15.0.28010.2036
MinimumVisualStudioVersion = 10.0.40219.1
Project("{FAE04EC0-301F-11D3-BF4B-00C04F79EFBC}") = "News", "News\News.csproj", "{45555C69-F992-4D98-8A75-CC5A61396346}"
EndProject
Project("{FAE04EC0-301F-11D3-BF4B-00C04F79EFBC}") = "DataAccess", "DataAccess\DataAccess.csproj", "{53C2BC7B-E162-4465-897D-1074755B56D1}"
EndProject
Global
	GlobalSection(SolutionConfigurationPlatforms) = preSolution
		Debug|Any CPU = Debug|Any CPU
		Release|Any CPU = Release|Any CPU
	EndGlobalSection
	GlobalSection(ProjectConfigurationPlatforms) = postSolution
		{45555C69-F992-4D98-8A75-CC5A61396346}.Debug|Any CPU.ActiveCfg = Debug|Any CPU
		{45555C69-F992-4D98-8A75-CC5A61396346}.Debug|Any CPU.Build.0 = Debug|Any CPU
		{45555C69-F992-4D98-8A75-CC5A61396346}.Release|Any CPU.ActiveCfg = Release|Any CPU
		{45555C69-F992-4D98-8A75-CC5A61396346}.Release|Any CPU.Build.0 = Release|Any CPU
		{53C2BC7B-E162-4465-897D-1074755B56D1}.Debug|Any CPU.ActiveCfg = Debug|Any CPU
		{53C2BC7B-E162-4465-897D-1074755B56D1}.Debug|Any CPU.Build.0 = Debug|Any CPU
		{53C2BC7B-E162-4465-897D-1074755B56D1}.Release|Any CPU.ActiveCfg = Release|Any CPU
		{53C2BC7B-E162-4465-897D-1074755B56D1}.Release|Any CPU.Build.0 = Release|Any CPU
	EndGlobalSection
	GlobalSection(SolutionProperties) = preSolution
		HideSolutionNode = FALSE
	EndGlobalSection
	GlobalSection(ExtensibilityGlobals) = postSolution
		SolutionGuid = {3AA7568F-A601-4DFA-9466-1887036735E7}
	EndGlobalSection
EndGlobal
